
Microsoft Visual Studio Solution File, Format Version 12.00
# Visual Studio Version 17
VisualStudioVersion = 17.14.37111.16 d17.14
MinimumVisualStudioVersion = 10.0.40219.1
Project("{FAE04EC0-301F-11D3-BF4B-00C04F79EFBC}") = "AfiErpSystem", "AfiErpSystem.csproj", "{8C89AE3E-7CB7-4813-B041-5657042BEBC2}"
EndProject
Global
	GlobalSection(SolutionConfigurationPlatforms) = preSolution
		Debug|Any CPU = Debug|Any CPU
		Release|Any CPU = Release|Any CPU
	EndGlobalSection
	GlobalSection(ProjectConfigurationPlatforms) = postSolution
		{8C89AE3E-7CB7-4813-B041-5657042BEBC2}.Debug|Any CPU.ActiveCfg = Debug|Any CPU
		{8C89AE3E-7CB7-4813-B041-5657042BEBC2}.Debug|Any CPU.Build.0 = Debug|Any CPU
		{8C89AE3E-7CB7-4813-B041-5657042BEBC2}.Release|Any CPU.ActiveCfg = Release|Any CPU
		{8C89AE3E-7CB7-4813-B041-5657042BEBC2}.Release|Any CPU.Build.0 = Release|Any CPU
	EndGlobalSection
	GlobalSection(SolutionProperties) = preSolution
		HideSolutionNode = FALSE
	EndGlobalSection
	GlobalSection(ExtensibilityGlobals) = postSolution
		SolutionGuid = {DB6CA45C-A2D7-49D2-A866-5C52B6061072}
	EndGlobalSection
EndGlobal
